
Microsoft Visual Studio Solution File, Format Version 12.00
# Visual Studio 14
VisualStudioVersion = 14.0.25123.0
MinimumVisualStudioVersion = 10.0.40219.1
Project("{FAE04EC0-301F-11D3-BF4B-00C04F79EFBC}") = "PnPAuthenticationManager", "PnPAuthenticationManager\PnPAuthenticationManager.csproj", "{F264D684-1B36-4F8D-8489-3021B925F428}"
EndProject
Project("{2150E333-8FDC-42A3-9474-1A3956D46DE8}") = "Solution Items", "Solution Items", "{8C652DA7-6F51-4E04-A5FB-E8BEC4A963F5}"
	ProjectSection(SolutionItems) = preProject
		Create-SelfSignedCertificate.ps1 = Create-SelfSignedCertificate.ps1
		Get-SelfSignedCertificateInformation.ps1 = Get-SelfSignedCertificateInformation.ps1
		HOL Code Snippets Authentication Manager.txt = HOL Code Snippets Authentication Manager.txt
		HOL Instructions Authentication Manager.txt = HOL Instructions Authentication Manager.txt
	EndProjectSection
EndProject
Global
	GlobalSection(SolutionConfigurationPlatforms) = preSolution
		Debug|Any CPU = Debug|Any CPU
		Release|Any CPU = Release|Any CPU
	EndGlobalSection
	GlobalSection(ProjectConfigurationPlatforms) = postSolution
		{F264D684-1B36-4F8D-8489-3021B925F428}.Debug|Any CPU.ActiveCfg = Debug|Any CPU
		{F264D684-1B36-4F8D-8489-3021B925F428}.Debug|Any CPU.Build.0 = Debug|Any CPU
		{F264D684-1B36-4F8D-8489-3021B925F428}.Release|Any CPU.ActiveCfg = Release|Any CPU
		{F264D684-1B36-4F8D-8489-3021B925F428}.Release|Any CPU.Build.0 = Release|Any CPU
	EndGlobalSection
	GlobalSection(SolutionProperties) = preSolution
		HideSolutionNode = FALSE
	EndGlobalSection
	GlobalSection(TeamFoundationVersionControl) = preSolution
		SccNumberOfProjects = 2
		SccEnterpriseProvider = {4CA58AB2-18FA-4F8D-95D4-32DDF27D184C}
		SccTeamFoundationServer = https://rickenberg.visualstudio.com/defaultcollection
		SccLocalPath0 = .
		SccProjectUniqueName1 = PnPAuthenticationManager\\PnPAuthenticationManager.csproj
		SccProjectName1 = PnPAuthenticationManager
		SccLocalPath1 = PnPAuthenticationManager
	EndGlobalSection
EndGlobal
