
Microsoft Visual Studio Solution File, Format Version 12.00
# Visual Studio 14
VisualStudioVersion = 14.0.25123.0
MinimumVisualStudioVersion = 10.0.40219.1
Project("{FAE04EC0-301F-11D3-BF4B-00C04F79EFBC}") = "PnPBasicOperations", "PnPBasicOperations\PnPBasicOperations.csproj", "{D02C1998-1006-4EA3-8160-02D30DBE1E89}"
EndProject
Project("{FAE04EC0-301F-11D3-BF4B-00C04F79EFBC}") = "PnPBasicOperationsWeb", "PnPBasicOperationsWeb\PnPBasicOperationsWeb.csproj", "{1EDCEAFB-E237-441A-81A7-8E5B7CF07A64}"
EndProject
Project("{2150E333-8FDC-42A3-9474-1A3956D46DE8}") = "Solution Items", "Solution Items", "{D2D0F25A-1A12-4E22-A646-CAE765D21400}"
	ProjectSection(SolutionItems) = preProject
		..\HOL Code Snippets Basic Operations.md = ..\HOL Code Snippets Basic Operations.md
		..\HOL Instructions Basic Operations.md = ..\HOL Instructions Basic Operations.md
	EndProjectSection
EndProject
Global
	GlobalSection(SolutionConfigurationPlatforms) = preSolution
		Debug|Any CPU = Debug|Any CPU
		Release|Any CPU = Release|Any CPU
	EndGlobalSection
	GlobalSection(ProjectConfigurationPlatforms) = postSolution
		{D02C1998-1006-4EA3-8160-02D30DBE1E89}.Debug|Any CPU.ActiveCfg = Debug|Any CPU
		{D02C1998-1006-4EA3-8160-02D30DBE1E89}.Debug|Any CPU.Build.0 = Debug|Any CPU
		{D02C1998-1006-4EA3-8160-02D30DBE1E89}.Debug|Any CPU.Deploy.0 = Debug|Any CPU
		{D02C1998-1006-4EA3-8160-02D30DBE1E89}.Release|Any CPU.ActiveCfg = Release|Any CPU
		{D02C1998-1006-4EA3-8160-02D30DBE1E89}.Release|Any CPU.Build.0 = Release|Any CPU
		{D02C1998-1006-4EA3-8160-02D30DBE1E89}.Release|Any CPU.Deploy.0 = Release|Any CPU
		{1EDCEAFB-E237-441A-81A7-8E5B7CF07A64}.Debug|Any CPU.ActiveCfg = Debug|Any CPU
		{1EDCEAFB-E237-441A-81A7-8E5B7CF07A64}.Debug|Any CPU.Build.0 = Debug|Any CPU
		{1EDCEAFB-E237-441A-81A7-8E5B7CF07A64}.Release|Any CPU.ActiveCfg = Release|Any CPU
		{1EDCEAFB-E237-441A-81A7-8E5B7CF07A64}.Release|Any CPU.Build.0 = Release|Any CPU
	EndGlobalSection
	GlobalSection(SolutionProperties) = preSolution
		HideSolutionNode = FALSE
	EndGlobalSection
EndGlobal
